
Microsoft Visual Studio Solution File, Format Version 12.00
Project("{FAE04EC0-301F-11D3-BF4B-00C04F79EFBC}") = "NetLogger", "NetLogger\NetLogger.csproj", "{13D440F4-032D-4057-A590-9D4C70C2E478}"
EndProject
Global
	GlobalSection(SolutionConfigurationPlatforms) = preSolution
		Debug|Any CPU = Debug|Any CPU
		Release|Any CPU = Release|Any CPU
	EndGlobalSection
	GlobalSection(ProjectConfigurationPlatforms) = postSolution
		{13D440F4-032D-4057-A590-9D4C70C2E478}.Debug|Any CPU.ActiveCfg = Debug|Any CPU
		{13D440F4-032D-4057-A590-9D4C70C2E478}.Debug|Any CPU.Build.0 = Debug|Any CPU
		{13D440F4-032D-4057-A590-9D4C70C2E478}.Release|Any CPU.ActiveCfg = Release|Any CPU
		{13D440F4-032D-4057-A590-9D4C70C2E478}.Release|Any CPU.Build.0 = Release|Any CPU
	EndGlobalSection
EndGlobal
